Microsoft Visual Studio Solution File, Format Version 11.00
# Visual Studio 2008

Project("{E566CC5F-2088-7ADF-2BAD-47F5389BA59A}") = "Zen", "Assembly-CSharp-firstpass.csproj", "{010FD6B1-20D3-DF7D-B467-324DDC096F40}"
EndProject
Project("{E566CC5F-2088-7ADF-2BAD-47F5389BA59A}") = "Zen", "Assembly-CSharp.csproj", "{9CE3EF0A-016A-3C5A-C8BC-A82C1749EC14}"
EndProject
Project("{E566CC5F-2088-7ADF-2BAD-47F5389BA59A}") = "Zen", "Assembly-CSharp-Editor.csproj", "{3D66F2D8-5E92-8B7B-A9CD-3DFD13BEBDBD}"
EndProject
Global
	GlobalSection(SolutionConfigurationPlatforms) = preSolution
		Debug|Any CPU = Debug|Any CPU
		Release|Any CPU = Release|Any CPU
	EndGlobalSection
	GlobalSection(ProjectConfigurationPlatforms) = postSolution
		{010FD6B1-20D3-DF7D-B467-324DDC096F40}.Debug|Any CPU.ActiveCfg = Debug|Any CPU
		{010FD6B1-20D3-DF7D-B467-324DDC096F40}.Debug|Any CPU.Build.0 = Debug|Any CPU
		{010FD6B1-20D3-DF7D-B467-324DDC096F40}.Release|Any CPU.ActiveCfg = Release|Any CPU
		{010FD6B1-20D3-DF7D-B467-324DDC096F40}.Release|Any CPU.Build.0 = Release|Any CPU
		{9CE3EF0A-016A-3C5A-C8BC-A82C1749EC14}.Debug|Any CPU.ActiveCfg = Debug|Any CPU
		{9CE3EF0A-016A-3C5A-C8BC-A82C1749EC14}.Debug|Any CPU.Build.0 = Debug|Any CPU
		{9CE3EF0A-016A-3C5A-C8BC-A82C1749EC14}.Release|Any CPU.ActiveCfg = Release|Any CPU
		{9CE3EF0A-016A-3C5A-C8BC-A82C1749EC14}.Release|Any CPU.Build.0 = Release|Any CPU
		{3D66F2D8-5E92-8B7B-A9CD-3DFD13BEBDBD}.Debug|Any CPU.ActiveCfg = Debug|Any CPU
		{3D66F2D8-5E92-8B7B-A9CD-3DFD13BEBDBD}.Debug|Any CPU.Build.0 = Debug|Any CPU
		{3D66F2D8-5E92-8B7B-A9CD-3DFD13BEBDBD}.Release|Any CPU.ActiveCfg = Release|Any CPU
		{3D66F2D8-5E92-8B7B-A9CD-3DFD13BEBDBD}.Release|Any CPU.Build.0 = Release|Any CPU
	EndGlobalSection
	GlobalSection(SolutionProperties) = preSolution
		HideSolutionNode = FALSE
	EndGlobalSection
																							GlobalSection(MonoDevelopProperties) = preSolution
		StartupItem = Assembly-CSharp.csproj
		Policies = $0
		$0.TextStylePolicy = $1
		$1.inheritsSet = null
		$1.scope = text/x-csharp
		$0.CSharpFormattingPolicy = $2
		$2.inheritsSet = Mono
		$2.inheritsScope = text/x-csharp
		$2.scope = text/x-csharp
		$0.TextStylePolicy = $3
		$3.FileWidth = 120
		$3.TabWidth = 4
		$3.IndentWidth = 4
		$3.EolMarker = Unix
		$3.inheritsSet = Mono
		$3.inheritsScope = text/plain
		$3.scope = text/plain
	EndGlobalSection

EndGlobal
